
Microsoft Visual Studio Solution File, Format Version 12.00
# Visual Studio Version 17
VisualStudioVersion = 17.13.35825.156 d17.13
MinimumVisualStudioVersion = 10.0.40219.1
Project("{FAE04EC0-301F-11D3-BF4B-00C04F79EFBC}") = "ADMIN", "ADMIN.csproj", "{9BBE1BEE-F8F1-44D6-9FDB-E48C1DF565E9}"
EndProject
Global
	GlobalSection(SolutionConfigurationPlatforms) = preSolution
		Debug|Any CPU = Debug|Any CPU
		Release|Any CPU = Release|Any CPU
	EndGlobalSection
	GlobalSection(ProjectConfigurationPlatforms) = postSolution
		{9BBE1BEE-F8F1-44D6-9FDB-E48C1DF565E9}.Debug|Any CPU.ActiveCfg = Debug|Any CPU
		{9BBE1BEE-F8F1-44D6-9FDB-E48C1DF565E9}.Debug|Any CPU.Build.0 = Debug|Any CPU
		{9BBE1BEE-F8F1-44D6-9FDB-E48C1DF565E9}.Release|Any CPU.ActiveCfg = Release|Any CPU
		{9BBE1BEE-F8F1-44D6-9FDB-E48C1DF565E9}.Release|Any CPU.Build.0 = Release|Any CPU
	EndGlobalSection
	GlobalSection(SolutionProperties) = preSolution
		HideSolutionNode = FALSE
	EndGlobalSection
	GlobalSection(ExtensibilityGlobals) = postSolution
		SolutionGuid = {08EDADDD-A578-4691-A554-FDD0445FE62B}
	EndGlobalSection
EndGlobal
